
Microsoft Visual Studio Solution File, Format Version 12.00
# Visual Studio 15
Project("{FAE04EC0-301F-11D3-BF4B-00C04F79EFBC}") = "Oculus.Platform", "Oculus.Platform.csproj", "{CD6DA12B-D026-DAFB-BEAC-09FF94BA97EB}"
EndProject
Project("{FAE04EC0-301F-11D3-BF4B-00C04F79EFBC}") = "PhotonUnityNetworking.Utilities", "PhotonUnityNetworking.Utilities.csproj", "{DB1E5DC8-A5BE-06D7-8778-1AF56FCAA338}"
EndProject
Project("{FAE04EC0-301F-11D3-BF4B-00C04F79EFBC}") = "Assembly-CSharp", "Assembly-CSharp.csproj", "{1E29911A-054C-5F74-3D1D-E50C8E973E98}"
EndProject
Project("{FAE04EC0-301F-11D3-BF4B-00C04F79EFBC}") = "Oculus.Interaction", "Oculus.Interaction.csproj", "{337EA70C-80ED-2CC6-1718-B43A406D3C86}"
EndProject
Project("{FAE04EC0-301F-11D3-BF4B-00C04F79EFBC}") = "Oculus.Spatializer", "Oculus.Spatializer.csproj", "{171C2DD3-D440-B102-296F-9AD23963AC9C}"
EndProject
Project("{FAE04EC0-301F-11D3-BF4B-00C04F79EFBC}") = "PhotonUnityNetworking.Demos", "PhotonUnityNetworking.Demos.csproj", "{54C75981-3D3F-0D84-8001-25F80FE90649}"
EndProject
Project("{FAE04EC0-301F-11D3-BF4B-00C04F79EFBC}") = "PhotonUnityNetworking", "PhotonUnityNetworking.csproj", "{B9F10544-C18A-0AA0-9084-CAFF350B374E}"
EndProject
Project("{FAE04EC0-301F-11D3-BF4B-00C04F79EFBC}") = "Facebook.WitAI", "Facebook.WitAI.csproj", "{E42DA660-A48E-CBA6-F54A-CE5D0C53C304}"
EndProject
Project("{FAE04EC0-301F-11D3-BF4B-00C04F79EFBC}") = "Oculus.AudioManager", "Oculus.AudioManager.csproj", "{947C405E-0E9A-F527-F26A-2487706A31C9}"
EndProject
Project("{FAE04EC0-301F-11D3-BF4B-00C04F79EFBC}") = "PhotonChat", "PhotonChat.csproj", "{271B598B-7BBC-A83F-2DAB-C90F0C0A24AE}"
EndProject
Project("{FAE04EC0-301F-11D3-BF4B-00C04F79EFBC}") = "Oculus.VR", "Oculus.VR.csproj", "{9B836AA0-5551-DD7C-8796-12B821592C2C}"
EndProject
Project("{FAE04EC0-301F-11D3-BF4B-00C04F79EFBC}") = "Oculus.Interaction.Samples", "Oculus.Interaction.Samples.csproj", "{204F6E89-C0DF-EAA0-0775-46C98C842532}"
EndProject
Project("{FAE04EC0-301F-11D3-BF4B-00C04F79EFBC}") = "VoiceSDK.Runtime", "VoiceSDK.Runtime.csproj", "{674BABE4-ACFA-7F34-B636-976DB620FC87}"
EndProject
Project("{FAE04EC0-301F-11D3-BF4B-00C04F79EFBC}") = "PhotonRealtime", "PhotonRealtime.csproj", "{036CB1DA-32DD-2286-A016-E95257D80D2E}"
EndProject
Project("{FAE04EC0-301F-11D3-BF4B-00C04F79EFBC}") = "AssistantCoreSDKRuntime", "AssistantCoreSDKRuntime.csproj", "{B7AC97D7-8D4A-DEF7-5CB2-484CA890C996}"
EndProject
Project("{FAE04EC0-301F-11D3-BF4B-00C04F79EFBC}") = "Oculus.LipSync", "Oculus.LipSync.csproj", "{C86A17A0-650B-BED3-9EBC-1FFD5CEC7476}"
EndProject
Project("{FAE04EC0-301F-11D3-BF4B-00C04F79EFBC}") = "Oculus.Platform.Editor", "Oculus.Platform.Editor.csproj", "{6F29EB67-4B75-1B00-9C6F-5405107F0812}"
EndProject
Project("{FAE04EC0-301F-11D3-BF4B-00C04F79EFBC}") = "PhotonUnityNetworking.Editor", "PhotonUnityNetworking.Editor.csproj", "{FBB90939-6691-A460-27F2-4845286D30E2}"
EndProject
Project("{FAE04EC0-301F-11D3-BF4B-00C04F79EFBC}") = "Oculus.AudioManager.Audio.Editor", "Oculus.AudioManager.Audio.Editor.csproj", "{F9F8A768-4C25-5513-1A8F-8D624E0F99D7}"
EndProject
Project("{FAE04EC0-301F-11D3-BF4B-00C04F79EFBC}") = "Oculus.Interaction.Editor", "Oculus.Interaction.Editor.csproj", "{8419C3F9-3D59-60F5-DE17-E68D27D46756}"
EndProject
Project("{FAE04EC0-301F-11D3-BF4B-00C04F79EFBC}") = "Oculus.VR.Scripts.Editor", "Oculus.VR.Scripts.Editor.csproj", "{5E59BE45-0696-463B-348C-8D44C30C46B1}"
EndProject
Project("{FAE04EC0-301F-11D3-BF4B-00C04F79EFBC}") = "Facebook.Wit.Editor", "Facebook.Wit.Editor.csproj", "{A1655564-1211-36CA-C75C-27B04A8926A7}"
EndProject
Project("{FAE04EC0-301F-11D3-BF4B-00C04F79EFBC}") = "Oculus.Spatializer.Editor", "Oculus.Spatializer.Editor.csproj", "{DC7BC24C-9DDD-4F61-5DE5-82FCC5FC90FC}"
EndProject
Project("{FAE04EC0-301F-11D3-BF4B-00C04F79EFBC}") = "Oculus.VR.Editor", "Oculus.VR.Editor.csproj", "{340CE9A4-AA99-461A-2DBD-478AF99155BC}"
EndProject
Project("{FAE04EC0-301F-11D3-BF4B-00C04F79EFBC}") = "Oculus.LipSync.Editor", "Oculus.LipSync.Editor.csproj", "{CF8C2827-896E-224A-924A-26B3CB39F0B6}"
EndProject
Project("{FAE04EC0-301F-11D3-BF4B-00C04F79EFBC}") = "Assembly-CSharp-Editor", "Assembly-CSharp-Editor.csproj", "{F3CCA4AF-9014-08C7-7B7C-5D308FDFAB94}"
EndProject
Project("{FAE04EC0-301F-11D3-BF4B-00C04F79EFBC}") = "VoiceSDK.Editor", "VoiceSDK.Editor.csproj", "{15A68CD6-50CB-7443-9886-A2005E9DE5EE}"
EndProject
Project("{FAE04EC0-301F-11D3-BF4B-00C04F79EFBC}") = "AssistantCoreSDKEditor", "AssistantCoreSDKEditor.csproj", "{275C3B0B-3E15-2408-7899-EAC9D9284208}"
EndProject
Project("{FAE04EC0-301F-11D3-BF4B-00C04F79EFBC}") = "PhotonUnityNetworking.Utilities.PhotonPlayer.Editor", "PhotonUnityNetworking.Utilities.PhotonPlayer.Editor.csproj", "{5BCA9EC0-AE76-0FCF-2155-C60C4E81B9D6}"
EndProject
Project("{FAE04EC0-301F-11D3-BF4B-00C04F79EFBC}") = "Oculus.AudioManager.Utils.Editor", "Oculus.AudioManager.Utils.Editor.csproj", "{BE3B1E65-DE39-A896-CF3F-690B50CDBACA}"
EndProject
Project("{FAE04EC0-301F-11D3-BF4B-00C04F79EFBC}") = "PunDemos.DemoSlotcarEditor", "PunDemos.DemoSlotcarEditor.csproj", "{8C5C402E-8F0D-D938-58BF-922F2C89D847}"
EndProject
Project("{FAE04EC0-301F-11D3-BF4B-00C04F79EFBC}") = "Oculus.Interaction.InterfaceSupport", "Oculus.Interaction.InterfaceSupport.csproj", "{1BEA6538-D882-7D8B-8772-013E3223A56F}"
EndProject
Project("{FAE04EC0-301F-11D3-BF4B-00C04F79EFBC}") = "PhotonUnityNetworking.Utilities.Culling.Editor", "PhotonUnityNetworking.Utilities.Culling.Editor.csproj", "{162F2838-BC54-2B55-B211-7FD57410C5D1}"
EndProject
Project("{FAE04EC0-301F-11D3-BF4B-00C04F79EFBC}") = "PunDemos.DemoHubEditor", "PunDemos.DemoHubEditor.csproj", "{A43ECBEF-740F-ADF6-ABAF-1CBC3ADD6063}"
EndProject
Global
	GlobalSection(SolutionConfigurationPlatforms) = preSolution
		Debug|Any CPU = Debug|Any CPU
		Release|Any CPU = Release|Any CPU
	EndGlobalSection
	GlobalSection(ProjectConfigurationPlatforms) = postSolution
		{CD6DA12B-D026-DAFB-BEAC-09FF94BA97EB}.Debug|Any CPU.ActiveCfg = Debug|Any CPU
		{CD6DA12B-D026-DAFB-BEAC-09FF94BA97EB}.Debug|Any CPU.Build.0 = Debug|Any CPU
		{CD6DA12B-D026-DAFB-BEAC-09FF94BA97EB}.Release|Any CPU.ActiveCfg = Release|Any CPU
		{CD6DA12B-D026-DAFB-BEAC-09FF94BA97EB}.Release|Any CPU.Build.0 = Release|Any CPU
		{DB1E5DC8-A5BE-06D7-8778-1AF56FCAA338}.Debug|Any CPU.ActiveCfg = Debug|Any CPU
		{DB1E5DC8-A5BE-06D7-8778-1AF56FCAA338}.Debug|Any CPU.Build.0 = Debug|Any CPU
		{DB1E5DC8-A5BE-06D7-8778-1AF56FCAA338}.Release|Any CPU.ActiveCfg = Release|Any CPU
		{DB1E5DC8-A5BE-06D7-8778-1AF56FCAA338}.Release|Any CPU.Build.0 = Release|Any CPU
		{1E29911A-054C-5F74-3D1D-E50C8E973E98}.Debug|Any CPU.ActiveCfg = Debug|Any CPU
		{1E29911A-054C-5F74-3D1D-E50C8E973E98}.Debug|Any CPU.Build.0 = Debug|Any CPU
		{1E29911A-054C-5F74-3D1D-E50C8E973E98}.Release|Any CPU.ActiveCfg = Release|Any CPU
		{1E29911A-054C-5F74-3D1D-E50C8E973E98}.Release|Any CPU.Build.0 = Release|Any CPU
		{337EA70C-80ED-2CC6-1718-B43A406D3C86}.Debug|Any CPU.ActiveCfg = Debug|Any CPU
		{337EA70C-80ED-2CC6-1718-B43A406D3C86}.Debug|Any CPU.Build.0 = Debug|Any CPU
		{337EA70C-80ED-2CC6-1718-B43A406D3C86}.Release|Any CPU.ActiveCfg = Release|Any CPU
		{337EA70C-80ED-2CC6-1718-B43A406D3C86}.Release|Any CPU.Build.0 = Release|Any CPU
		{171C2DD3-D440-B102-296F-9AD23963AC9C}.Debug|Any CPU.ActiveCfg = Debug|Any CPU
		{171C2DD3-D440-B102-296F-9AD23963AC9C}.Debug|Any CPU.Build.0 = Debug|Any CPU
		{171C2DD3-D440-B102-296F-9AD23963AC9C}.Release|Any CPU.ActiveCfg = Release|Any CPU
		{171C2DD3-D440-B102-296F-9AD23963AC9C}.Release|Any CPU.Build.0 = Release|Any CPU
		{54C75981-3D3F-0D84-8001-25F80FE90649}.Debug|Any CPU.ActiveCfg = Debug|Any CPU
		{54C75981-3D3F-0D84-8001-25F80FE90649}.Debug|Any CPU.Build.0 = Debug|Any CPU
		{54C75981-3D3F-0D84-8001-25F80FE90649}.Release|Any CPU.ActiveCfg = Release|Any CPU
		{54C75981-3D3F-0D84-8001-25F80FE90649}.Release|Any CPU.Build.0 = Release|Any CPU
		{B9F10544-C18A-0AA0-9084-CAFF350B374E}.Debug|Any CPU.ActiveCfg = Debug|Any CPU
		{B9F10544-C18A-0AA0-9084-CAFF350B374E}.Debug|Any CPU.Build.0 = Debug|Any CPU
		{B9F10544-C18A-0AA0-9084-CAFF350B374E}.Release|Any CPU.ActiveCfg = Release|Any CPU
		{B9F10544-C18A-0AA0-9084-CAFF350B374E}.Release|Any CPU.Build.0 = Release|Any CPU
		{E42DA660-A48E-CBA6-F54A-CE5D0C53C304}.Debug|Any CPU.ActiveCfg = Debug|Any CPU
		{E42DA660-A48E-CBA6-F54A-CE5D0C53C304}.Debug|Any CPU.Build.0 = Debug|Any CPU
		{E42DA660-A48E-CBA6-F54A-CE5D0C53C304}.Release|Any CPU.ActiveCfg = Release|Any CPU
		{E42DA660-A48E-CBA6-F54A-CE5D0C53C304}.Release|Any CPU.Build.0 = Release|Any CPU
		{947C405E-0E9A-F527-F26A-2487706A31C9}.Debug|Any CPU.ActiveCfg = Debug|Any CPU
		{947C405E-0E9A-F527-F26A-2487706A31C9}.Debug|Any CPU.Build.0 = Debug|Any CPU
		{947C405E-0E9A-F527-F26A-2487706A31C9}.Release|Any CPU.ActiveCfg = Release|Any CPU
		{947C405E-0E9A-F527-F26A-2487706A31C9}.Release|Any CPU.Build.0 = Release|Any CPU
		{271B598B-7BBC-A83F-2DAB-C90F0C0A24AE}.Debug|Any CPU.ActiveCfg = Debug|Any CPU
		{271B598B-7BBC-A83F-2DAB-C90F0C0A24AE}.Debug|Any CPU.Build.0 = Debug|Any CPU
		{271B598B-7BBC-A83F-2DAB-C90F0C0A24AE}.Release|Any CPU.ActiveCfg = Release|Any CPU
		{271B598B-7BBC-A83F-2DAB-C90F0C0A24AE}.Release|Any CPU.Build.0 = Release|Any CPU
		{9B836AA0-5551-DD7C-8796-12B821592C2C}.Debug|Any CPU.ActiveCfg = Debug|Any CPU
		{9B836AA0-5551-DD7C-8796-12B821592C2C}.Debug|Any CPU.Build.0 = Debug|Any CPU
		{9B836AA0-5551-DD7C-8796-12B821592C2C}.Release|Any CPU.ActiveCfg = Release|Any CPU
		{9B836AA0-5551-DD7C-8796-12B821592C2C}.Release|Any CPU.Build.0 = Release|Any CPU
		{204F6E89-C0DF-EAA0-0775-46C98C842532}.Debug|Any CPU.ActiveCfg = Debug|Any CPU
		{204F6E89-C0DF-EAA0-0775-46C98C842532}.Debug|Any CPU.Build.0 = Debug|Any CPU
		{204F6E89-C0DF-EAA0-0775-46C98C842532}.Release|Any CPU.ActiveCfg = Release|Any CPU
		{204F6E89-C0DF-EAA0-0775-46C98C842532}.Release|Any CPU.Build.0 = Release|Any CPU
		{674BABE4-ACFA-7F34-B636-976DB620FC87}.Debug|Any CPU.ActiveCfg = Debug|Any CPU
		{674BABE4-ACFA-7F34-B636-976DB620FC87}.Debug|Any CPU.Build.0 = Debug|Any CPU
		{674BABE4-ACFA-7F34-B636-976DB620FC87}.Release|Any CPU.ActiveCfg = Release|Any CPU
		{674BABE4-ACFA-7F34-B636-976DB620FC87}.Release|Any CPU.Build.0 = Release|Any CPU
		{036CB1DA-32DD-2286-A016-E95257D80D2E}.Debug|Any CPU.ActiveCfg = Debug|Any CPU
		{036CB1DA-32DD-2286-A016-E95257D80D2E}.Debug|Any CPU.Build.0 = Debug|Any CPU
		{036CB1DA-32DD-2286-A016-E95257D80D2E}.Release|Any CPU.ActiveCfg = Release|Any CPU
		{036CB1DA-32DD-2286-A016-E95257D80D2E}.Release|Any CPU.Build.0 = Release|Any CPU
		{B7AC97D7-8D4A-DEF7-5CB2-484CA890C996}.Debug|Any CPU.ActiveCfg = Debug|Any CPU
		{B7AC97D7-8D4A-DEF7-5CB2-484CA890C996}.Debug|Any CPU.Build.0 = Debug|Any CPU
		{B7AC97D7-8D4A-DEF7-5CB2-484CA890C996}.Release|Any CPU.ActiveCfg = Release|Any CPU
		{B7AC97D7-8D4A-DEF7-5CB2-484CA890C996}.Release|Any CPU.Build.0 = Release|Any CPU
		{C86A17A0-650B-BED3-9EBC-1FFD5CEC7476}.Debug|Any CPU.ActiveCfg = Debug|Any CPU
		{C86A17A0-650B-BED3-9EBC-1FFD5CEC7476}.Debug|Any CPU.Build.0 = Debug|Any CPU
		{C86A17A0-650B-BED3-9EBC-1FFD5CEC7476}.Release|Any CPU.ActiveCfg = Release|Any CPU
		{C86A17A0-650B-BED3-9EBC-1FFD5CEC7476}.Release|Any CPU.Build.0 = Release|Any CPU
		{6F29EB67-4B75-1B00-9C6F-5405107F0812}.Debug|Any CPU.ActiveCfg = Debug|Any CPU
		{6F29EB67-4B75-1B00-9C6F-5405107F0812}.Debug|Any CPU.Build.0 = Debug|Any CPU
		{6F29EB67-4B75-1B00-9C6F-5405107F0812}.Release|Any CPU.ActiveCfg = Release|Any CPU
		{6F29EB67-4B75-1B00-9C6F-5405107F0812}.Release|Any CPU.Build.0 = Release|Any CPU
		{FBB90939-6691-A460-27F2-4845286D30E2}.Debug|Any CPU.ActiveCfg = Debug|Any CPU
		{FBB90939-6691-A460-27F2-4845286D30E2}.Debug|Any CPU.Build.0 = Debug|Any CPU
		{FBB90939-6691-A460-27F2-4845286D30E2}.Release|Any CPU.ActiveCfg = Release|Any CPU
		{FBB90939-6691-A460-27F2-4845286D30E2}.Release|Any CPU.Build.0 = Release|Any CPU
		{F9F8A768-4C25-5513-1A8F-8D624E0F99D7}.Debug|Any CPU.ActiveCfg = Debug|Any CPU
		{F9F8A768-4C25-5513-1A8F-8D624E0F99D7}.Debug|Any CPU.Build.0 = Debug|Any CPU
		{F9F8A768-4C25-5513-1A8F-8D624E0F99D7}.Release|Any CPU.ActiveCfg = Release|Any CPU
		{F9F8A768-4C25-5513-1A8F-8D624E0F99D7}.Release|Any CPU.Build.0 = Release|Any CPU
		{8419C3F9-3D59-60F5-DE17-E68D27D46756}.Debug|Any CPU.ActiveCfg = Debug|Any CPU
		{8419C3F9-3D59-60F5-DE17-E68D27D46756}.Debug|Any CPU.Build.0 = Debug|Any CPU
		{8419C3F9-3D59-60F5-DE17-E68D27D46756}.Release|Any CPU.ActiveCfg = Release|Any CPU
		{8419C3F9-3D59-60F5-DE17-E68D27D46756}.Release|Any CPU.Build.0 = Release|Any CPU
		{5E59BE45-0696-463B-348C-8D44C30C46B1}.Debug|Any CPU.ActiveCfg = Debug|Any CPU
		{5E59BE45-0696-463B-348C-8D44C30C46B1}.Debug|Any CPU.Build.0 = Debug|Any CPU
		{5E59BE45-0696-463B-348C-8D44C30C46B1}.Release|Any CPU.ActiveCfg = Release|Any CPU
		{5E59BE45-0696-463B-348C-8D44C30C46B1}.Release|Any CPU.Build.0 = Release|Any CPU
		{A1655564-1211-36CA-C75C-27B04A8926A7}.Debug|Any CPU.ActiveCfg = Debug|Any CPU
		{A1655564-1211-36CA-C75C-27B04A8926A7}.Debug|Any CPU.Build.0 = Debug|Any CPU
		{A1655564-1211-36CA-C75C-27B04A8926A7}.Release|Any CPU.ActiveCfg = Release|Any CPU
		{A1655564-1211-36CA-C75C-27B04A8926A7}.Release|Any CPU.Build.0 = Release|Any CPU
		{DC7BC24C-9DDD-4F61-5DE5-82FCC5FC90FC}.Debug|Any CPU.ActiveCfg = Debug|Any CPU
		{DC7BC24C-9DDD-4F61-5DE5-82FCC5FC90FC}.Debug|Any CPU.Build.0 = Debug|Any CPU
		{DC7BC24C-9DDD-4F61-5DE5-82FCC5FC90FC}.Release|Any CPU.ActiveCfg = Release|Any CPU
		{DC7BC24C-9DDD-4F61-5DE5-82FCC5FC90FC}.Release|Any CPU.Build.0 = Release|Any CPU
		{340CE9A4-AA99-461A-2DBD-478AF99155BC}.Debug|Any CPU.ActiveCfg = Debug|Any CPU
		{340CE9A4-AA99-461A-2DBD-478AF99155BC}.Debug|Any CPU.Build.0 = Debug|Any CPU
		{340CE9A4-AA99-461A-2DBD-478AF99155BC}.Release|Any CPU.ActiveCfg = Release|Any CPU
		{340CE9A4-AA99-461A-2DBD-478AF99155BC}.Release|Any CPU.Build.0 = Release|Any CPU
		{CF8C2827-896E-224A-924A-26B3CB39F0B6}.Debug|Any CPU.ActiveCfg = Debug|Any CPU
		{CF8C2827-896E-224A-924A-26B3CB39F0B6}.Debug|Any CPU.Build.0 = Debug|Any CPU
		{CF8C2827-896E-224A-924A-26B3CB39F0B6}.Release|Any CPU.ActiveCfg = Release|Any CPU
		{CF8C2827-896E-224A-924A-26B3CB39F0B6}.Release|Any CPU.Build.0 = Release|Any CPU
		{F3CCA4AF-9014-08C7-7B7C-5D308FDFAB94}.Debug|Any CPU.ActiveCfg = Debug|Any CPU
		{F3CCA4AF-9014-08C7-7B7C-5D308FDFAB94}.Debug|Any CPU.Build.0 = Debug|Any CPU
		{F3CCA4AF-9014-08C7-7B7C-5D308FDFAB94}.Release|Any CPU.ActiveCfg = Release|Any CPU
		{F3CCA4AF-9014-08C7-7B7C-5D308FDFAB94}.Release|Any CPU.Build.0 = Release|Any CPU
		{15A68CD6-50CB-7443-9886-A2005E9DE5EE}.Debug|Any CPU.ActiveCfg = Debug|Any CPU
		{15A68CD6-50CB-7443-9886-A2005E9DE5EE}.Debug|Any CPU.Build.0 = Debug|Any CPU
		{15A68CD6-50CB-7443-9886-A2005E9DE5EE}.Release|Any CPU.ActiveCfg = Release|Any CPU
		{15A68CD6-50CB-7443-9886-A2005E9DE5EE}.Release|Any CPU.Build.0 = Release|Any CPU
		{275C3B0B-3E15-2408-7899-EAC9D9284208}.Debug|Any CPU.ActiveCfg = Debug|Any CPU
		{275C3B0B-3E15-2408-7899-EAC9D9284208}.Debug|Any CPU.Build.0 = Debug|Any CPU
		{275C3B0B-3E15-2408-7899-EAC9D9284208}.Release|Any CPU.ActiveCfg = Release|Any CPU
		{275C3B0B-3E15-2408-7899-EAC9D9284208}.Release|Any CPU.Build.0 = Release|Any CPU
		{5BCA9EC0-AE76-0FCF-2155-C60C4E81B9D6}.Debug|Any CPU.ActiveCfg = Debug|Any CPU
		{5BCA9EC0-AE76-0FCF-2155-C60C4E81B9D6}.Debug|Any CPU.Build.0 = Debug|Any CPU
		{5BCA9EC0-AE76-0FCF-2155-C60C4E81B9D6}.Release|Any CPU.ActiveCfg = Release|Any CPU
		{5BCA9EC0-AE76-0FCF-2155-C60C4E81B9D6}.Release|Any CPU.Build.0 = Release|Any CPU
		{BE3B1E65-DE39-A896-CF3F-690B50CDBACA}.Debug|Any CPU.ActiveCfg = Debug|Any CPU
		{BE3B1E65-DE39-A896-CF3F-690B50CDBACA}.Debug|Any CPU.Build.0 = Debug|Any CPU
		{BE3B1E65-DE39-A896-CF3F-690B50CDBACA}.Release|Any CPU.ActiveCfg = Release|Any CPU
		{BE3B1E65-DE39-A896-CF3F-690B50CDBACA}.Release|Any CPU.Build.0 = Release|Any CPU
		{8C5C402E-8F0D-D938-58BF-922F2C89D847}.Debug|Any CPU.ActiveCfg = Debug|Any CPU
		{8C5C402E-8F0D-D938-58BF-922F2C89D847}.Debug|Any CPU.Build.0 = Debug|Any CPU
		{8C5C402E-8F0D-D938-58BF-922F2C89D847}.Release|Any CPU.ActiveCfg = Release|Any CPU
		{8C5C402E-8F0D-D938-58BF-922F2C89D847}.Release|Any CPU.Build.0 = Release|Any CPU
		{1BEA6538-D882-7D8B-8772-013E3223A56F}.Debug|Any CPU.ActiveCfg = Debug|Any CPU
		{1BEA6538-D882-7D8B-8772-013E3223A56F}.Debug|Any CPU.Build.0 = Debug|Any CPU
		{1BEA6538-D882-7D8B-8772-013E3223A56F}.Release|Any CPU.ActiveCfg = Release|Any CPU
		{1BEA6538-D882-7D8B-8772-013E3223A56F}.Release|Any CPU.Build.0 = Release|Any CPU
		{162F2838-BC54-2B55-B211-7FD57410C5D1}.Debug|Any CPU.ActiveCfg = Debug|Any CPU
		{162F2838-BC54-2B55-B211-7FD57410C5D1}.Debug|Any CPU.Build.0 = Debug|Any CPU
		{162F2838-BC54-2B55-B211-7FD57410C5D1}.Release|Any CPU.ActiveCfg = Release|Any CPU
		{162F2838-BC54-2B55-B211-7FD57410C5D1}.Release|Any CPU.Build.0 = Release|Any CPU
		{A43ECBEF-740F-ADF6-ABAF-1CBC3ADD6063}.Debug|Any CPU.ActiveCfg = Debug|Any CPU
		{A43ECBEF-740F-ADF6-ABAF-1CBC3ADD6063}.Debug|Any CPU.Build.0 = Debug|Any CPU
		{A43ECBEF-740F-ADF6-ABAF-1CBC3ADD6063}.Release|Any CPU.ActiveCfg = Release|Any CPU
		{A43ECBEF-740F-ADF6-ABAF-1CBC3ADD6063}.Release|Any CPU.Build.0 = Release|Any CPU
	EndGlobalSection
	GlobalSection(SolutionProperties) = preSolution
		HideSolutionNode = FALSE
	EndGlobalSection
EndGlobal
